
Microsoft Visual Studio Solution File, Format Version 12.00
# Visual Studio 2013
VisualStudioVersion = 12.0.31101.0
MinimumVisualStudioVersion = 10.0.40219.1
Project("{FAE04EC0-301F-11D3-BF4B-00C04F79EFBC}") = "Nightcrawler", "Nightcrawler\Nightcrawler.csproj", "{320B50B2-4625-43D1-AB6D-C969C6EA9440}"
EndProject
Project("{FAE04EC0-301F-11D3-BF4B-00C04F79EFBC}") = "SysTrayApp", "SysTraiApp\SysTrayApp.csproj", "{42706980-92C8-499E-BF3A-D92666503394}"
EndProject
Global
	GlobalSection(SolutionConfigurationPlatforms) = preSolution
		Debug|Any CPU = Debug|Any CPU
		Release|Any CPU = Release|Any CPU
	EndGlobalSection
	GlobalSection(ProjectConfigurationPlatforms) = postSolution
		{320B50B2-4625-43D1-AB6D-C969C6EA9440}.Debug|Any CPU.ActiveCfg = Debug|Any CPU
		{320B50B2-4625-43D1-AB6D-C969C6EA9440}.Debug|Any CPU.Build.0 = Debug|Any CPU
		{320B50B2-4625-43D1-AB6D-C969C6EA9440}.Release|Any CPU.ActiveCfg = Release|Any CPU
		{320B50B2-4625-43D1-AB6D-C969C6EA9440}.Release|Any CPU.Build.0 = Release|Any CPU
		{42706980-92C8-499E-BF3A-D92666503394}.Debug|Any CPU.ActiveCfg = Debug|Any CPU
		{42706980-92C8-499E-BF3A-D92666503394}.Debug|Any CPU.Build.0 = Debug|Any CPU
		{42706980-92C8-499E-BF3A-D92666503394}.Release|Any CPU.ActiveCfg = Release|Any CPU
		{42706980-92C8-499E-BF3A-D92666503394}.Release|Any CPU.Build.0 = Release|Any CPU
	EndGlobalSection
	GlobalSection(SolutionProperties) = preSolution
		HideSolutionNode = FALSE
	EndGlobalSection
EndGlobal
